// !$*UTF8*$!
{
	archiveVersion = 1;
	classes = {
	};
	objectVersion = 46;
	objects = {

/* Begin PBXBuildFile section */
		C408926B19F8820E003A6A70 /* main.m in Sources */ = {isa = PBXBuildFile; fileRef = C408926A19F8820E003A6A70 /* main.m */; };
		C408926E19F8820E003A6A70 /* AppDelegate.m in Sources */ = {isa = PBXBuildFile; fileRef = C408926D19F8820E003A6A70 /* AppDelegate.m */; };
		C408927619F8820F003A6A70 /* Images.xcassets in Resources */ = {isa = PBXBuildFile; fileRef = C408927519F8820F003A6A70 /* Images.xcassets */; };
		C408927919F8820F003A6A70 /* LaunchScreen.xib in Resources */ = {isa = PBXBuildFile; fileRef = C408927719F8820F003A6A70 /* LaunchScreen.xib */; };
		C408928519F8820F003A6A70 /* UW_HW4_mefifeTests.m in Sources */ = {isa = PBXBuildFile; fileRef = C408928419F8820F003A6A70 /* UW_HW4_mefifeTests.m */; };
		C408929019F887F2003A6A70 /* MEFCollectionViewController.m in Sources */ = {isa = PBXBuildFile; fileRef = C408928F19F887F2003A6A70 /* MEFCollectionViewController.m */; };
		C41AF7C119F9FC890011AD85 /* MEFTableViewController.m in Sources */ = {isa = PBXBuildFile; fileRef = C41AF7C019F9FC890011AD85 /* MEFTableViewController.m */; };
		C41AF7C519FA02CD0011AD85 /* MEFBirthday.m in Sources */ = {isa = PBXBuildFile; fileRef = C41AF7C419FA02CD0011AD85 /* MEFBirthday.m */; };
		C46EF43719FC16DC009F2E35 /* MEFSelectViewController.m in Sources */ = {isa = PBXBuildFile; fileRef = C46EF43519FC16DC009F2E35 /* MEFSelectViewController.m */; };
		C46EF43819FC16DC009F2E35 /* MEFSelectViewController.xib in Resources */ = {isa = PBXBuildFile; fileRef = C46EF43619FC16DC009F2E35 /* MEFSelectViewController.xib */; };
/* End PBXBuildFile section */

/* Begin PBXContainerItemProxy section */
		C408927F19F8820F003A6A70 /* PBXContainerItemProxy */ = {
			isa = PBXContainerItemProxy;
			containerPortal = C408925D19F8820E003A6A70 /* Project object */;
			proxyType = 1;
			remoteGlobalIDString = C408926419F8820E003A6A70;
			remoteInfo = UW_HW4_mefife;
		};
/* End PBXContainerItemProxy section */

/* Begin PBXFileReference section */
		C408926519F8820E003A6A70 /* UW_HW4_mefife.app */ = {isa = PBXFileReference; explicitFileType = wrapper.application; includeInIndex = 0; path = UW_HW4_mefife.app; sourceTree = BUILT_PRODUCTS_DIR; };
		C408926919F8820E003A6A70 /* Info.plist */ = {isa = PBXFileReference; lastKnownFileType = text.plist.xml; path = Info.plist; sourceTree = "<group>"; };
		C408926A19F8820E003A6A70 /* main.m */ = {isa = PBXFileReference; lastKnownFileType = sourcecode.c.objc; path = main.m; sourceTree = "<group>"; };
		C408926C19F8820E003A6A70 /* AppDelegate.h */ = {isa = PBXFileReference; lastKnownFileType = sourcecode.c.h; path = AppDelegate.h; sourceTree = "<group>"; };
		C408926D19F8820E003A6A70 /* AppDelegate.m */ = {isa = PBXFileReference; lastKnownFileType = sourcecode.c.objc; path = AppDelegate.m; sourceTree = "<group>"; };
		C408927519F8820F003A6A70 /* Images.xcassets */ = {isa = PBXFileReference; lastKnownFileType = folder.assetcatalog; path = Images.xcassets; sourceTree = "<group>"; };
		C408927819F8820F003A6A70 /* Base */ = {isa = PBXFileReference; lastKnownFileType = file.xib; name = Base; path = Base.lproj/LaunchScreen.xib; sourceTree = "<group>"; };
		C408927E19F8820F003A6A70 /* UW_HW4_mefifeTests.xctest */ = {isa = PBXFileReference; explicitFileType = wrapper.cfbundle; includeInIndex = 0; path = UW_HW4_mefifeTests.xctest; sourceTree = BUILT_PRODUCTS_DIR; };
		C408928319F8820F003A6A70 /* Info.plist */ = {isa = PBXFileReference; lastKnownFileType = text.plist.xml; path = Info.plist; sourceTree = "<group>"; };
		C408928419F8820F003A6A70 /* UW_HW4_mefifeTests.m */ = {isa = PBXFileReference; lastKnownFileType = sourcecode.c.objc; path = UW_HW4_mefifeTests.m; sourceTree = "<group>"; };
		C408928E19F887F2003A6A70 /* MEFCollectionViewController.h */ = {isa = PBXFileReference; fileEncoding = 4; lastKnownFileType = sourcecode.c.h; path = MEFCollectionViewController.h; sourceTree = "<group>"; };
		C408928F19F887F2003A6A70 /* MEFCollectionViewController.m */ = {isa = PBXFileReference; fileEncoding = 4; lastKnownFileType = sourcecode.c.objc; path = MEFCollectionViewController.m; sourceTree = "<group>"; };
		C41AF7BF19F9FC890011AD85 /* MEFTableViewController.h */ = {isa = PBXFileReference; fileEncoding = 4; lastKnownFileType = sourcecode.c.h; path = MEFTableViewController.h; sourceTree = "<group>"; };
		C41AF7C019F9FC890011AD85 /* MEFTableViewController.m */ = {isa = PBXFileReference; fileEncoding = 4; lastKnownFileType = sourcecode.c.objc; path = MEFTableViewController.m; sourceTree = "<group>"; };
		C41AF7C319FA02CD0011AD85 /* MEFBirthday.h */ = {isa = PBXFileReference; fileEncoding = 4; lastKnownFileType = sourcecode.c.h; path = MEFBirthday.h; sourceTree = "<group>"; };
		C41AF7C419FA02CD0011AD85 /* MEFBirthday.m */ = {isa = PBXFileReference; fileEncoding = 4; lastKnownFileType = sourcecode.c.objc; path = MEFBirthday.m; sourceTree = "<group>"; };
		C46EF43419FC16DC009F2E35 /* MEFSelectViewController.h */ = {isa = PBXFileReference; fileEncoding = 4; lastKnownFileType = sourcecode.c.h; path = MEFSelectViewController.h; sourceTree = "<group>"; };
		C46EF43519FC16DC009F2E35 /* MEFSelectViewController.m */ = {isa = PBXFileReference; fileEncoding = 4; lastKnownFileType = sourcecode.c.objc; path = MEFSelectViewController.m; sourceTree = "<group>"; };
		C46EF43619FC16DC009F2E35 /* MEFSelectViewController.xib */ = {isa = PBXFileReference; fileEncoding = 4; lastKnownFileType = file.xib; path = MEFSelectViewController.xib; sourceTree = "<group>"; };
		C46EF43A19FC77A7009F2E35 /* MEFSelectViewControllerDelegate.h */ = {isa = PBXFileReference; fileEncoding = 4; lastKnownFileType = sourcecode.c.h; path = MEFSelectViewControllerDelegate.h; sourceTree = "<group>"; };
/* End PBXFileReference section */

/* Begin PBXFrameworksBuildPhase section */
		C408926219F8820E003A6A70 /* Frameworks */ = {
			isa = PBXFrameworksBuildPhase;
			buildActionMask = 2147483647;
			files = (
			);
			runOnlyForDeploymentPostprocessing = 0;
		};
		C408927B19F8820F003A6A70 /* Frameworks */ = {
			isa = PBXFrameworksBuildPhase;
			buildActionMask = 2147483647;
			files = (
			);
			runOnlyForDeploymentPostprocessing = 0;
		};
/* End PBXFrameworksBuildPhase section */

/* Begin PBXGroup section */
		C408925C19F8820E003A6A70 = {
			isa = PBXGroup;
			children = (
				C46EF43919FC16EF009F2E35 /* MEFSelectView */,
				C41AF7C619FA02D20011AD85 /* Model */,
				C408929119F887FF003A6A70 /* CollectionViewController */,
				C41AF7C219F9FC8D0011AD85 /* TableViewController */,
				C408926719F8820E003A6A70 /* App Delegate */,
				C408928119F8820F003A6A70 /* UW_HW4_mefifeTests */,
				C408926619F8820E003A6A70 /* Products */,
			);
			sourceTree = "<group>";
		};
		C408926619F8820E003A6A70 /* Products */ = {
			isa = PBXGroup;
			children = (
				C408926519F8820E003A6A70 /* UW_HW4_mefife.app */,
				C408927E19F8820F003A6A70 /* UW_HW4_mefifeTests.xctest */,
			);
			name = Products;
			sourceTree = "<group>";
		};
		C408926719F8820E003A6A70 /* App Delegate */ = {
			isa = PBXGroup;
			children = (
				C408926C19F8820E003A6A70 /* AppDelegate.h */,
				C408926D19F8820E003A6A70 /* AppDelegate.m */,
				C408927519F8820F003A6A70 /* Images.xcassets */,
				C408927719F8820F003A6A70 /* LaunchScreen.xib */,
				C408926819F8820E003A6A70 /* Supporting Files */,
			);
			name = "App Delegate";
			path = UW_HW4_mefife;
			sourceTree = "<group>";
		};
		C408926819F8820E003A6A70 /* Supporting Files */ = {
			isa = PBXGroup;
			children = (
				C408926919F8820E003A6A70 /* Info.plist */,
				C408926A19F8820E003A6A70 /* main.m */,
			);
			name = "Supporting Files";
			sourceTree = "<group>";
		};
		C408928119F8820F003A6A70 /* UW_HW4_mefifeTests */ = {
			isa = PBXGroup;
			children = (
				C408928419F8820F003A6A70 /* UW_HW4_mefifeTests.m */,
				C408928219F8820F003A6A70 /* Supporting Files */,
			);
			path = UW_HW4_mefifeTests;
			sourceTree = "<group>";
		};
		C408928219F8820F003A6A70 /* Supporting Files */ = {
			isa = PBXGroup;
			children = (
				C408928319F8820F003A6A70 /* Info.plist */,
			);
			name = "Supporting Files";
			sourceTree = "<group>";
		};
		C408929119F887FF003A6A70 /* CollectionViewController */ = {
			isa = PBXGroup;
			children = (
				C408928E19F887F2003A6A70 /* MEFCollectionViewController.h */,
				C408928F19F887F2003A6A70 /* MEFCollectionViewController.m */,
			);
			name = CollectionViewController;
			sourceTree = "<group>";
		};
		C41AF7C219F9FC8D0011AD85 /* TableViewController */ = {
			isa = PBXGroup;
			children = (
				C41AF7BF19F9FC890011AD85 /* MEFTableViewController.h */,
				C41AF7C019F9FC890011AD85 /* MEFTableViewController.m */,
			);
			name = TableViewController;
			path = UW_HW4_mefife;
			sourceTree = "<group>";
		};
		C41AF7C619FA02D20011AD85 /* Model */ = {
			isa = PBXGroup;
			children = (
				C41AF7C319FA02CD0011AD85 /* MEFBirthday.h */,
				C41AF7C419FA02CD0011AD85 /* MEFBirthday.m */,
			);
			name = Model;
			sourceTree = "<group>";
		};
		C46EF43919FC16EF009F2E35 /* MEFSelectView */ = {
			isa = PBXGroup;
			children = (
				C46EF43419FC16DC009F2E35 /* MEFSelectViewController.h */,
				C46EF43519FC16DC009F2E35 /* MEFSelectViewController.m */,
				C46EF43A19FC77A7009F2E35 /* MEFSelectViewControllerDelegate.h */,
				C46EF43619FC16DC009F2E35 /* MEFSelectViewController.xib */,
			);
			name = MEFSelectView;
			path = UW_HW4_mefife;
			sourceTree = "<group>";
		};
/* End PBXGroup section */

/* Begin PBXNativeTarget section */
		C408926419F8820E003A6A70 /* UW_HW4_mefife */ = {
			isa = PBXNativeTarget;
			buildConfigurationList = C408928819F8820F003A6A70 /* Build configuration list for PBXNativeTarget "UW_HW4_mefife" */;
			buildPhases = (
				C408926119F8820E003A6A70 /* Sources */,
				C408926219F8820E003A6A70 /* Frameworks */,
				C408926319F8820E003A6A70 /* Resources */,
			);
			buildRules = (
			);
			dependencies = (
			);
			name = UW_HW4_mefife;
			productName = UW_HW4_mefife;
			productReference = C408926519F8820E003A6A70 /* UW_HW4_mefife.app */;
			productType = "com.apple.product-type.application";
		};
		C408927D19F8820F003A6A70 /* UW_HW4_mefifeTests */ = {
			isa = PBXNativeTarget;
			buildConfigurationList = C408928B19F8820F003A6A70 /* Build configuration list for PBXNativeTarget "UW_HW4_mefifeTests" */;
			buildPhases = (
				C408927A19F8820F003A6A70 /* Sources */,
				C408927B19F8820F003A6A70 /* Frameworks */,
				C408927C19F8820F003A6A70 /* Resources */,
			);
			buildRules = (
			);
			dependencies = (
				C408928019F8820F003A6A70 /* PBXTargetDependency */,
			);
			name = UW_HW4_mefifeTests;
			productName = UW_HW4_mefifeTests;
			productReference = C408927E19F8820F003A6A70 /* UW_HW4_mefifeTests.xctest */;
			productType = "com.apple.product-type.bundle.unit-test";
		};
/* End PBXNativeTarget section */

/* Begin PBXProject section */
		C408925D19F8820E003A6A70 /* Project object */ = {
			isa = PBXProject;
			attributes = {
				LastUpgradeCheck = 0600;
				ORGANIZATIONNAME = "Matthew Fife";
				TargetAttributes = {
					C408926419F8820E003A6A70 = {
						CreatedOnToolsVersion = 6.0.1;
					};
					C408927D19F8820F003A6A70 = {
						CreatedOnToolsVersion = 6.0.1;
						TestTargetID = C408926419F8820E003A6A70;
					};
				};
			};
			buildConfigurationList = C408926019F8820E003A6A70 /* Build configuration list for PBXProject "UW_HW4_mefife" */;
			compatibilityVersion = "Xcode 3.2";
			developmentRegion = English;
			hasScannedForEncodings = 0;
			knownRegions = (
				en,
				Base,
			);
			mainGroup = C408925C19F8820E003A6A70;
			productRefGroup = C408926619F8820E003A6A70 /* Products */;
			projectDirPath = "";
			projectRoot = "";
			targets = (
				C408926419F8820E003A6A70 /* UW_HW4_mefife */,
				C408927D19F8820F003A6A70 /* UW_HW4_mefifeTests */,
			);
		};
/* End PBXProject section */

/* Begin PBXResourcesBuildPhase section */
		C408926319F8820E003A6A70 /* Resources */ = {
			isa = PBXResourcesBuildPhase;
			buildActionMask = 2147483647;
			files = (
				C408927919F8820F003A6A70 /* LaunchScreen.xib in Resources */,
				C46EF43819FC16DC009F2E35 /* MEFSelectViewController.xib in Resources */,
				C408927619F8820F003A6A70 /* Images.xcassets in Resources */,
			);
			runOnlyForDeploymentPostprocessing = 0;
		};
		C408927C19F8820F003A6A70 /* Resources */ = {
			isa = PBXResourcesBuildPhase;
			buildActionMask = 2147483647;
			files = (
			);
			runOnlyForDeploymentPostprocessing = 0;
		};
/* End PBXResourcesBuildPhase section */

/* Begin PBXSourcesBuildPhase section */
		C408926119F8820E003A6A70 /* Sources */ = {
			isa = PBXSourcesBuildPhase;
			buildActionMask = 2147483647;
			files = (
				C408929019F887F2003A6A70 /* MEFCollectionViewController.m in Sources */,
				C408926E19F8820E003A6A70 /* AppDelegate.m in Sources */,
				C41AF7C519FA02CD0011AD85 /* MEFBirthday.m in Sources */,
				C41AF7C119F9FC890011AD85 /* MEFTableViewController.m in Sources */,
				C408926B19F8820E003A6A70 /* main.m in Sources */,
				C46EF43719FC16DC009F2E35 /* MEFSelectViewController.m in Sources */,
			);
			runOnlyForDeploymentPostprocessing = 0;
		};
		C408927A19F8820F003A6A70 /* Sources */ = {
			isa = PBXSourcesBuildPhase;
			buildActionMask = 2147483647;
			files = (
				C408928519F8820F003A6A70 /* UW_HW4_mefifeTests.m in Sources */,
			);
			runOnlyForDeploymentPostprocessing = 0;
		};
/* End PBXSourcesBuildPhase section */

/* Begin PBXTargetDependency section */
		C408928019F8820F003A6A70 /* PBXTargetDependency */ = {
			isa = PBXTargetDependency;
			target = C408926419F8820E003A6A70 /* UW_HW4_mefife */;
			targetProxy = C408927F19F8820F003A6A70 /* PBXContainerItemProxy */;
		};
/* End PBXTargetDependency section */

/* Begin PBXVariantGroup section */
		C408927719F8820F003A6A70 /* LaunchScreen.xib */ = {
			isa = PBXVariantGroup;
			children = (
				C408927819F8820F003A6A70 /* Base */,
			);
			name = LaunchScreen.xib;
			sourceTree = "<group>";
		};
/* End PBXVariantGroup section */

/* Begin XCBuildConfiguration section */
		C408928619F8820F003A6A70 /* Debug */ = {
			isa = XCBuildConfiguration;
			buildSettings = {
				ALWAYS_SEARCH_USER_PATHS = NO;
				CLANG_CXX_LANGUAGE_STANDARD = "gnu++0x";
				CLANG_CXX_LIBRARY = "libc++";
				CLANG_ENABLE_MODULES = YES;
				CLANG_ENABLE_OBJC_ARC = YES;
				CLANG_WARN_BOOL_CONVERSION = YES;
				CLANG_WARN_CONSTANT_CONVERSION = YES;
				CLANG_WARN_DIRECT_OBJC_ISA_USAGE = YES_ERROR;
				CLANG_WARN_EMPTY_BODY = YES;
				CLANG_WARN_ENUM_CONVERSION = YES;
				CLANG_WARN_INT_CONVERSION = YES;
				CLANG_WARN_OBJC_ROOT_CLASS = YES_ERROR;
				CLANG_WARN_UNREACHABLE_CODE = YES;
				CLANG_WARN__DUPLICATE_METHOD_MATCH = YES;
				"CODE_SIGN_IDENTITY[sdk=iphoneos*]" = "iPhone Developer";
				COPY_PHASE_STRIP = NO;
				ENABLE_STRICT_OBJC_MSGSEND = YES;
				GCC_C_LANGUAGE_STANDARD = gnu99;
				GCC_DYNAMIC_NO_PIC = NO;
				GCC_OPTIMIZATION_LEVEL = 0;
				GCC_PREPROCESSOR_DEFINITIONS = (
					"DEBUG=1",
					"$(inherited)",
				);
				GCC_SYMBOLS_PRIVATE_EXTERN = NO;
				GCC_WARN_64_TO_32_BIT_CONVERSION = YES;
				GCC_WARN_ABOUT_RETURN_TYPE = YES_ERROR;
				GCC_WARN_UNDECLARED_SELECTOR = YES;
				GCC_WARN_UNINITIALIZED_AUTOS = YES_AGGRESSIVE;
				GCC_WARN_UNUSED_FUNCTION = YES;
				GCC_WARN_UNUSED_VARIABLE = YES;
				IPHONEOS_DEPLOYMENT_TARGET = 8.0;
				MTL_ENABLE_DEBUG_INFO = YES;
				ONLY_ACTIVE_ARCH = YES;
				SDKROOT = iphoneos;
				TARGETED_DEVICE_FAMILY = "1,2";
			};
			name = Debug;
		};
		C408928719F8820F003A6A70 /* Release */ = {
			isa = XCBuildConfiguration;
			buildSettings = {
				ALWAYS_SEARCH_USER_PATHS = NO;
				CLANG_CXX_LANGUAGE_STANDARD = "gnu++0x";
				CLANG_CXX_LIBRARY = "libc++";
				CLANG_ENABLE_MODULES = YES;
				CLANG_ENABLE_OBJC_ARC = YES;
				CLANG_WARN_BOOL_CONVERSION = YES;
				CLANG_WARN_CONSTANT_CONVERSION = YES;
				CLANG_WARN_DIRECT_OBJC_ISA_USAGE = YES_ERROR;
				CLANG_WARN_EMPTY_BODY = YES;
				CLANG_WARN_ENUM_CONVERSION = YES;
				CLANG_WARN_INT_CONVERSION = YES;
				CLANG_WARN_OBJC_ROOT_CLASS = YES_ERROR;
				CLANG_WARN_UNREACHABLE_CODE = YES;
				CLANG_WARN__DUPLICATE_METHOD_MATCH = YES;
				"CODE_SIGN_IDENTITY[sdk=iphoneos*]" = "iPhone Developer";
				COPY_PHASE_STRIP = YES;
				ENABLE_NS_ASSERTIONS = NO;
				ENABLE_STRICT_OBJC_MSGSEND = YES;
				GCC_C_LANGUAGE_STANDARD = gnu99;
				GCC_WARN_64_TO_32_BIT_CONVERSION = YES;
				GCC_WARN_ABOUT_RETURN_TYPE = YES_ERROR;
				GCC_WARN_UNDECLARED_SELECTOR = YES;
				GCC_WARN_UNINITIALIZED_AUTOS = YES_AGGRESSIVE;
				GCC_WARN_UNUSED_FUNCTION = YES;
				GCC_WARN_UNUSED_VARIABLE = YES;
				IPHONEOS_DEPLOYMENT_TARGET = 8.0;
				MTL_ENABLE_DEBUG_INFO = NO;
				SDKROOT = iphoneos;
				TARGETED_DEVICE_FAMILY = "1,2";
				VALIDATE_PRODUCT = YES;
			};
			name = Release;
		};
		C408928919F8820F003A6A70 /* Debug */ = {
			isa = XCBuildConfiguration;
			buildSettings = {
				ASSETCATALOG_COMPILER_APPICON_NAME = AppIcon;
				INFOPLIST_FILE = UW_HW4_mefife/Info.plist;
				LD_RUNPATH_SEARCH_PATHS = "$(inherited) @executable_path/Frameworks";
				PRODUCT_NAME = "$(TARGET_NAME)";
			};
			name = Debug;
		};
		C408928A19F8820F003A6A70 /* Release */ = {
			isa = XCBuildConfiguration;
			buildSettings = {
				ASSETCATALOG_COMPILER_APPICON_NAME = AppIcon;
				INFOPLIST_FILE = UW_HW4_mefife/Info.plist;
				LD_RUNPATH_SEARCH_PATHS = "$(inherited) @executable_path/Frameworks";
				PRODUCT_NAME = "$(TARGET_NAME)";
			};
			name = Release;
		};
		C408928C19F8820F003A6A70 /* Debug */ = {
			isa = XCBuildConfiguration;
			buildSettings = {
				BUNDLE_LOADER = "$(TEST_HOST)";
				FRAMEWORK_SEARCH_PATHS = (
					"$(SDKROOT)/Developer/Library/Frameworks",
					"$(inherited)",
				);
				GCC_PREPROCESSOR_DEFINITIONS = (
					"DEBUG=1",
					"$(inherited)",
				);
				INFOPLIST_FILE = UW_HW4_mefifeTests/Info.plist;
				LD_RUNPATH_SEARCH_PATHS = "$(inherited) @executable_path/Frameworks @loader_path/Frameworks";
				PRODUCT_NAME = "$(TARGET_NAME)";
				TEST_HOST = "$(BUILT_PRODUCTS_DIR)/UW_HW4_mefife.app/UW_HW4_mefife";
			};
			name = Debug;
		};
		C408928D19F8820F003A6A70 /* Release */ = {
			isa = XCBuildConfiguration;
			buildSettings = {
				BUNDLE_LOADER = "$(TEST_HOST)";
				FRAMEWORK_SEARCH_PATHS = (
					"$(SDKROOT)/Developer/Library/Frameworks",
					"$(inherited)",
				);
				INFOPLIST_FILE = UW_HW4_mefifeTests/Info.plist;
				LD_RUNPATH_SEARCH_PATHS = "$(inherited) @executable_path/Frameworks @loader_path/Frameworks";
				PRODUCT_NAME = "$(TARGET_NAME)";
				TEST_HOST = "$(BUILT_PRODUCTS_DIR)/UW_HW4_mefife.app/UW_HW4_mefife";
			};
			name = Release;
		};
/* End XCBuildConfiguration section */

/* Begin XCConfigurationList section */
		C408926019F8820E003A6A70 /* Build configuration list for PBXProject "UW_HW4_mefife" */ = {
			isa = XCConfigurationList;
			buildConfigurations = (
				C408928619F8820F003A6A70 /* Debug */,
				C408928719F8820F003A6A70 /* Release */,
			);
			defaultConfigurationIsVisible = 0;
			defaultConfigurationName = Release;
		};
		C408928819F8820F003A6A70 /* Build configuration list for PBXNativeTarget "UW_HW4_mefife" */ = {
			isa = XCConfigurationList;
			buildConfigurations = (
				C408928919F8820F003A6A70 /* Debug */,
				C408928A19F8820F003A6A70 /* Release */,
			);
			defaultConfigurationIsVisible = 0;
			defaultConfigurationName = Release;
		};
		C408928B19F8820F003A6A70 /* Build configuration list for PBXNativeTarget "UW_HW4_mefifeTests" */ = {
			isa = XCConfigurationList;
			buildConfigurations = (
				C408928C19F8820F003A6A70 /* Debug */,
				C408928D19F8820F003A6A70 /* Release */,
			);
			defaultConfigurationIsVisible = 0;
			defaultConfigurationName = Release;
		};
/* End XCConfigurationList section */
	};
	rootObject = C408925D19F8820E003A6A70 /* Project object */;
}
